<?xml version="1.0" encoding="utf-8"?>
<Project ToolsVersion="4.0" xmlns="http://schemas.microsoft.com/developer/msbuild/2003">
  <ItemGroup>
    <Filter Include="소스 파일">
      <UniqueIdentifier>{4FC737F1-C7A5-4376-A066-2A32D752A2FF}</UniqueIdentifier>
      <Extensions>cpp;c;cc;cxx;c++;cppm;ixx;def;odl;idl;hpj;bat;asm;asmx</Extensions>
    </Filter>
    <Filter Include="헤더 파일">
      <UniqueIdentifier>{93995380-89BD-4b04-88EB-625FBE52EBFB}</UniqueIdentifier>
      <Extensions>h;hh;hpp;hxx;h++;hm;inl;inc;ipp;xsd</Extensions>
    </Filter>
    <Filter Include="소스 파일\Utils">
      <UniqueIdentifier>{5c3e82e6-43b7-471b-8d7d-e1e3db531baa}</UniqueIdentifier>
    </Filter>
    <Filter Include="소스 파일\Main">
      <UniqueIdentifier>{ddd303d3-76bd-48d0-a7e9-06ab5ccabc4f}</UniqueIdentifier>
    </Filter>
    <Filter Include="소스 파일\Game">
      <UniqueIdentifier>{d3129313-f8e0-47d5-b321-3b505425b0d7}</UniqueIdentifier>
    </Filter>
    <Filter Include="소스 파일\Utils\FBXSDK">
      <UniqueIdentifier>{f0c89f31-1189-4c81-a6c2-53eb04100a0c}</UniqueIdentifier>
    </Filter>
  </ItemGroup>
  <ItemGroup>
    <ClCompile Include="WinMain.cpp">
      <Filter>소스 파일\Main</Filter>
    </ClCompile>
    <ClCompile Include="pch.cpp">
      <Filter>헤더 파일</Filter>
    </ClCompile>
    <ClCompile Include="Converter.cpp">
      <Filter>소스 파일\Utils</Filter>
    </ClCompile>
    <ClCompile Include="AssimpTool.cpp">
      <Filter>소스 파일\Game</Filter>
    </ClCompile>
    <ClCompile Include="AsTypes.cpp">
      <Filter>소스 파일\Main</Filter>
    </ClCompile>
    <ClCompile Include="StaticMeshDemo.cpp">
      <Filter>소스 파일\Game</Filter>
    </ClCompile>
    <ClCompile Include="ImGuiDemo.cpp">
      <Filter>소스 파일\Game</Filter>
    </ClCompile>
    <ClCompile Include="AnimationDemo.cpp">
      <Filter>소스 파일\Game</Filter>
    </ClCompile>
    <ClCompile Include="TweenDemo.cpp">
      <Filter>소스 파일\Game</Filter>
    </ClCompile>
    <ClCompile Include="SkyDemo.cpp">
      <Filter>소스 파일\Game</Filter>
    </ClCompile>
    <ClCompile Include="FBXAnimationLoad.cpp">
      <Filter>소스 파일\Utils\FBXSDK</Filter>
    </ClCompile>
    <ClCompile Include="FBXData.cpp">
      <Filter>소스 파일\Utils\FBXSDK</Filter>
    </ClCompile>
    <ClCompile Include="FBXDataLoad.cpp">
      <Filter>소스 파일\Utils\FBXSDK</Filter>
    </ClCompile>
    <ClCompile Include="FBXLoader.cpp">
      <Filter>소스 파일\Utils\FBXSDK</Filter>
    </ClCompile>
    <ClCompile Include="FBXModel.cpp">
      <Filter>소스 파일\Utils\FBXSDK</Filter>
    </ClCompile>
    <ClCompile Include="FBXSDKTest.cpp">
      <Filter>소스 파일\Game</Filter>
    </ClCompile>
  </ItemGroup>
  <ItemGroup>
    <ClInclude Include="WinMain.h">
      <Filter>소스 파일\Main</Filter>
    </ClInclude>
    <ClInclude Include="pch.h">
      <Filter>헤더 파일</Filter>
    </ClInclude>
    <ClInclude Include="Converter.h">
      <Filter>소스 파일\Utils</Filter>
    </ClInclude>
    <ClInclude Include="AssimpTool.h">
      <Filter>소스 파일\Game</Filter>
    </ClInclude>
    <ClInclude Include="AsTypes.h">
      <Filter>소스 파일\Main</Filter>
    </ClInclude>
    <ClInclude Include="StaticMeshDemo.h">
      <Filter>소스 파일\Game</Filter>
    </ClInclude>
    <ClInclude Include="ImGuiDemo.h">
      <Filter>소스 파일\Game</Filter>
    </ClInclude>
    <ClInclude Include="AnimationDemo.h">
      <Filter>소스 파일\Game</Filter>
    </ClInclude>
    <ClInclude Include="TweenDemo.h">
      <Filter>소스 파일\Game</Filter>
    </ClInclude>
    <ClInclude Include="SkyDemo.h">
      <Filter>소스 파일\Game</Filter>
    </ClInclude>
    <ClInclude Include="FBXModel.h">
      <Filter>소스 파일\Utils\FBXSDK</Filter>
    </ClInclude>
    <ClInclude Include="FBXData.h">
      <Filter>소스 파일\Utils\FBXSDK</Filter>
    </ClInclude>
    <ClInclude Include="FBXLoader.h">
      <Filter>소스 파일\Utils\FBXSDK</Filter>
    </ClInclude>
    <ClInclude Include="FBXSDKTest.h">
      <Filter>소스 파일\Game</Filter>
    </ClInclude>
  </ItemGroup>
</Project>