<?xml version="1.0" encoding="utf-8"?>
<Project ToolsVersion="4.0" xmlns="http://schemas.microsoft.com/developer/msbuild/2003">
  <ItemGroup>
    <Filter Include="소스 파일">
      <UniqueIdentifier>{4FC737F1-C7A5-4376-A066-2A32D752A2FF}</UniqueIdentifier>
      <Extensions>cpp;c;cc;cxx;c++;cppm;ixx;def;odl;idl;hpj;bat;asm;asmx</Extensions>
    </Filter>
    <Filter Include="헤더 파일">
      <UniqueIdentifier>{93995380-89BD-4b04-88EB-625FBE52EBFB}</UniqueIdentifier>
      <Extensions>h;hh;hpp;hxx;h++;hm;inl;inc;ipp;xsd</Extensions>
    </Filter>
    <Filter Include="소스 파일\Main">
      <UniqueIdentifier>{76117dd6-e257-42c6-b7b1-9bc6092c2e5d}</UniqueIdentifier>
    </Filter>
    <Filter Include="소스 파일\Game">
      <UniqueIdentifier>{eafa15fe-38a0-4933-b421-1a6bcaafdfe9}</UniqueIdentifier>
    </Filter>
    <Filter Include="소스 파일\Shaders">
      <UniqueIdentifier>{4662bd89-65b0-4a7e-9786-e7b55e73d86c}</UniqueIdentifier>
    </Filter>
    <Filter Include="소스 파일\Game\Chapter 5">
      <UniqueIdentifier>{0e530a4c-ace0-44bc-9112-2c60117ef98c}</UniqueIdentifier>
    </Filter>
    <Filter Include="소스 파일\Game\Chapter 6">
      <UniqueIdentifier>{5dbda115-ff76-4b75-af98-c49c5704d9dd}</UniqueIdentifier>
    </Filter>
    <Filter Include="소스 파일\Shaders\Chapter5">
      <UniqueIdentifier>{108bd117-c12c-42d4-b910-f5562ba944a2}</UniqueIdentifier>
    </Filter>
    <Filter Include="소스 파일\Shaders\Chapter6">
      <UniqueIdentifier>{7a265798-baaa-4134-b291-20ba2189b677}</UniqueIdentifier>
    </Filter>
    <Filter Include="소스 파일\Shaders\Chapter7">
      <UniqueIdentifier>{ce5cf13c-a351-44ad-8640-271e18bb45f7}</UniqueIdentifier>
    </Filter>
    <Filter Include="소스 파일\Shaders\Chapter8">
      <UniqueIdentifier>{1fcedd7f-37c1-4976-9240-56dacc93713c}</UniqueIdentifier>
    </Filter>
    <Filter Include="소스 파일\Game\Chapter 9">
      <UniqueIdentifier>{9003ca79-9e01-4ec0-8e85-951fc62aab9c}</UniqueIdentifier>
    </Filter>
    <Filter Include="소스 파일\Shaders\Chapter9">
      <UniqueIdentifier>{8c96a171-6936-4820-b5fc-3c06dc8df695}</UniqueIdentifier>
    </Filter>
  </ItemGroup>
  <ItemGroup>
    <ClInclude Include="WinMain.h">
      <Filter>소스 파일\Main</Filter>
    </ClInclude>
    <ClInclude Include="CameraDemo.h">
      <Filter>소스 파일\Game\Chapter 5</Filter>
    </ClInclude>
    <ClInclude Include="ConstBufferDemo.h">
      <Filter>소스 파일\Game\Chapter 5</Filter>
    </ClInclude>
    <ClInclude Include="HeightMapDemo.h">
      <Filter>소스 파일\Game\Chapter 5</Filter>
    </ClInclude>
    <ClInclude Include="MeshDemo.h">
      <Filter>소스 파일\Game\Chapter 5</Filter>
    </ClInclude>
    <ClInclude Include="NormalDemo.h">
      <Filter>소스 파일\Game\Chapter 5</Filter>
    </ClInclude>
    <ClInclude Include="QuadDemo.h">
      <Filter>소스 파일\Game\Chapter 5</Filter>
    </ClInclude>
    <ClInclude Include="SamplerDemo.h">
      <Filter>소스 파일\Game\Chapter 5</Filter>
    </ClInclude>
    <ClInclude Include="TextureDemo.h">
      <Filter>소스 파일\Game\Chapter 5</Filter>
    </ClInclude>
    <ClInclude Include="TriangleDemo.h">
      <Filter>소스 파일\Game\Chapter 5</Filter>
    </ClInclude>
    <ClInclude Include="GlobalTestDemo.h">
      <Filter>소스 파일\Game\Chapter 6</Filter>
    </ClInclude>
    <ClInclude Include="pch.h">
      <Filter>헤더 파일</Filter>
    </ClInclude>
    <ClInclude Include="DepthStencilDemo.h">
      <Filter>소스 파일\Game\Chapter 6</Filter>
    </ClInclude>
    <ClInclude Include="AmbientDemo.h">
      <Filter>소스 파일\Game\Chapter 6</Filter>
    </ClInclude>
    <ClInclude Include="DiffuseDemo.h">
      <Filter>소스 파일\Game\Chapter 6</Filter>
    </ClInclude>
    <ClInclude Include="SpecularDemo.h">
      <Filter>소스 파일\Game\Chapter 6</Filter>
    </ClInclude>
    <ClInclude Include="EmissiveDemo.h">
      <Filter>소스 파일\Game\Chapter 6</Filter>
    </ClInclude>
    <ClInclude Include="LightingDemo.h">
      <Filter>소스 파일\Game\Chapter 6</Filter>
    </ClInclude>
    <ClInclude Include="MaterialDemo.h">
      <Filter>소스 파일\Game\Chapter 6</Filter>
    </ClInclude>
    <ClInclude Include="NormalMappingDemo.h">
      <Filter>소스 파일\Game\Chapter 6</Filter>
    </ClInclude>
    <ClInclude Include="InstancingDemo.h">
      <Filter>소스 파일\Game\Chapter 9</Filter>
    </ClInclude>
    <ClInclude Include="MeshInstancingDemo.h">
      <Filter>소스 파일\Game\Chapter 9</Filter>
    </ClInclude>
    <ClInclude Include="AnimInstancingDemo.h">
      <Filter>소스 파일\Game\Chapter 9</Filter>
    </ClInclude>
    <ClInclude Include="ModelInstancingDemo.h">
      <Filter>소스 파일\Game\Chapter 9</Filter>
    </ClInclude>
    <ClInclude Include="RenderDemo.h">
      <Filter>소스 파일\Game\Chapter 9</Filter>
    </ClInclude>
    <ClInclude Include="SceneDemo.h">
      <Filter>소스 파일\Game\Chapter 9</Filter>
    </ClInclude>
  </ItemGroup>
  <ItemGroup>
    <ClCompile Include="WinMain.cpp">
      <Filter>소스 파일\Main</Filter>
    </ClCompile>
    <ClCompile Include="CameraDemo.cpp">
      <Filter>소스 파일\Game\Chapter 5</Filter>
    </ClCompile>
    <ClCompile Include="ConstBufferDemo.cpp">
      <Filter>소스 파일\Game\Chapter 5</Filter>
    </ClCompile>
    <ClCompile Include="HeightMapDemo.cpp">
      <Filter>소스 파일\Game\Chapter 5</Filter>
    </ClCompile>
    <ClCompile Include="MeshDemo.cpp">
      <Filter>소스 파일\Game\Chapter 5</Filter>
    </ClCompile>
    <ClCompile Include="NormalDemo.cpp">
      <Filter>소스 파일\Game\Chapter 5</Filter>
    </ClCompile>
    <ClCompile Include="QuadDemo.cpp">
      <Filter>소스 파일\Game\Chapter 5</Filter>
    </ClCompile>
    <ClCompile Include="SamplerDemo.cpp">
      <Filter>소스 파일\Game\Chapter 5</Filter>
    </ClCompile>
    <ClCompile Include="TextureDemo.cpp">
      <Filter>소스 파일\Game\Chapter 5</Filter>
    </ClCompile>
    <ClCompile Include="TriangleDemo.cpp">
      <Filter>소스 파일\Game\Chapter 5</Filter>
    </ClCompile>
    <ClCompile Include="GlobalTestDemo.cpp">
      <Filter>소스 파일\Game\Chapter 6</Filter>
    </ClCompile>
    <ClCompile Include="pch.cpp">
      <Filter>헤더 파일</Filter>
    </ClCompile>
    <ClCompile Include="DepthStencilDemo.cpp">
      <Filter>소스 파일\Game\Chapter 6</Filter>
    </ClCompile>
    <ClCompile Include="AmbientDemo.cpp">
      <Filter>소스 파일\Game\Chapter 6</Filter>
    </ClCompile>
    <ClCompile Include="DiffuseDemo.cpp">
      <Filter>소스 파일\Game\Chapter 6</Filter>
    </ClCompile>
    <ClCompile Include="SpecularDemo.cpp">
      <Filter>소스 파일\Game\Chapter 6</Filter>
    </ClCompile>
    <ClCompile Include="EmissiveDemo.cpp">
      <Filter>소스 파일\Game\Chapter 6</Filter>
    </ClCompile>
    <ClCompile Include="LightingDemo.cpp">
      <Filter>소스 파일\Game\Chapter 6</Filter>
    </ClCompile>
    <ClCompile Include="MaterialDemo.cpp">
      <Filter>소스 파일\Game\Chapter 6</Filter>
    </ClCompile>
    <ClCompile Include="NormalMappingDemo.cpp">
      <Filter>소스 파일\Game\Chapter 6</Filter>
    </ClCompile>
    <ClCompile Include="InstancingDemo.cpp">
      <Filter>소스 파일\Game\Chapter 9</Filter>
    </ClCompile>
    <ClCompile Include="MeshInstancingDemo.cpp">
      <Filter>소스 파일\Game\Chapter 9</Filter>
    </ClCompile>
    <ClCompile Include="AnimInstancingDemo.cpp">
      <Filter>소스 파일\Game\Chapter 9</Filter>
    </ClCompile>
    <ClCompile Include="ModelInstancingDemo.cpp">
      <Filter>소스 파일\Game\Chapter 9</Filter>
    </ClCompile>
    <ClCompile Include="RenderDemo.cpp">
      <Filter>소스 파일\Game\Chapter 9</Filter>
    </ClCompile>
    <ClCompile Include="SceneDemo.cpp">
      <Filter>소스 파일\Game\Chapter 9</Filter>
    </ClCompile>
  </ItemGroup>
  <ItemGroup>
    <FxCompile Include="..\..\Shader\03. ConstBuffer.fx">
      <Filter>소스 파일\Shaders\Chapter5</Filter>
    </FxCompile>
    <FxCompile Include="..\..\Shader\04 Texture.fx">
      <Filter>소스 파일\Shaders\Chapter5</Filter>
    </FxCompile>
    <FxCompile Include="..\..\Shader\05. Sampler.fx">
      <Filter>소스 파일\Shaders\Chapter5</Filter>
    </FxCompile>
    <FxCompile Include="..\..\Shader\06. Terrain.fx">
      <Filter>소스 파일\Shaders\Chapter5</Filter>
    </FxCompile>
    <FxCompile Include="..\..\Shader\07. Normal.fx">
      <Filter>소스 파일\Shaders\Chapter5</Filter>
    </FxCompile>
    <FxCompile Include="..\..\Shader\01. Triangle.fx">
      <Filter>소스 파일\Shaders\Chapter5</Filter>
    </FxCompile>
    <FxCompile Include="..\..\Shader\02. Quad.fx">
      <Filter>소스 파일\Shaders\Chapter5</Filter>
    </FxCompile>
    <FxCompile Include="..\..\Shader\08. GlobalTest.fx">
      <Filter>소스 파일\Shaders\Chapter6</Filter>
    </FxCompile>
    <FxCompile Include="..\..\Shader\09. Lighting_Ambient.fx">
      <Filter>소스 파일\Shaders\Chapter6</Filter>
    </FxCompile>
    <FxCompile Include="..\..\Shader\10. Lighting_Diffuse.fx">
      <Filter>소스 파일\Shaders\Chapter6</Filter>
    </FxCompile>
    <FxCompile Include="..\..\Shader\11. Lighting_Specular.fx">
      <Filter>소스 파일\Shaders\Chapter6</Filter>
    </FxCompile>
    <FxCompile Include="..\..\Shader\12. Lighting_Emissive.fx">
      <Filter>소스 파일\Shaders\Chapter6</Filter>
    </FxCompile>
    <FxCompile Include="..\..\Shader\13. Lighting.fx">
      <Filter>소스 파일\Shaders\Chapter6</Filter>
    </FxCompile>
    <FxCompile Include="..\..\Shader\14. NormalMapping.fx">
      <Filter>소스 파일\Shaders\Chapter6</Filter>
    </FxCompile>
    <FxCompile Include="..\..\Shader\15. ModelDemo.fx">
      <Filter>소스 파일\Shaders\Chapter7</Filter>
    </FxCompile>
    <FxCompile Include="..\..\Shader\00. Global.fx">
      <Filter>소스 파일\Shaders</Filter>
    </FxCompile>
    <FxCompile Include="..\..\Shader\00. Light.fx">
      <Filter>소스 파일\Shaders</Filter>
    </FxCompile>
    <FxCompile Include="..\..\Shader\Default.hlsl">
      <Filter>소스 파일\Shaders</Filter>
    </FxCompile>
    <FxCompile Include="..\..\Shader\16. AnimationDemo.fx">
      <Filter>소스 파일\Shaders\Chapter8</Filter>
    </FxCompile>
    <FxCompile Include="..\..\Shader\17. TweenDemo.fx">
      <Filter>소스 파일\Shaders\Chapter8</Filter>
    </FxCompile>
    <FxCompile Include="..\..\Shader\18. SkyDemo.fx">
      <Filter>소스 파일\Shaders\Chapter8</Filter>
    </FxCompile>
    <FxCompile Include="..\..\Shader\19. InstancingDemo.fx">
      <Filter>소스 파일\Shaders\Chapter9</Filter>
    </FxCompile>
    <FxCompile Include="..\..\Shader\20. MeshInstancingDemo.fx">
      <Filter>소스 파일\Shaders\Chapter9</Filter>
    </FxCompile>
    <FxCompile Include="..\..\Shader\21. ModelInstancingDemo.fx">
      <Filter>소스 파일\Shaders\Chapter9</Filter>
    </FxCompile>
    <FxCompile Include="..\..\Shader\22. AnimInstancingDemo.fx">
      <Filter>소스 파일\Shaders\Chapter9</Filter>
    </FxCompile>
    <FxCompile Include="..\..\Shader\23. RenderDemo.fx">
      <Filter>소스 파일\Shaders\Chapter9</Filter>
    </FxCompile>
    <FxCompile Include="..\..\Shader\00. Render.fx">
      <Filter>소스 파일\Shaders</Filter>
    </FxCompile>
    <FxCompile Include="..\..\Shader\00. DebugShader.fx">
      <Filter>소스 파일\Shaders</Filter>
    </FxCompile>
  </ItemGroup>
</Project>