<?xml version="1.0" encoding="utf-8"?>
<Project ToolsVersion="4.0" xmlns="http://schemas.microsoft.com/developer/msbuild/2003">
  <ItemGroup>
    <Filter Include="소스 파일">
      <UniqueIdentifier>{4FC737F1-C7A5-4376-A066-2A32D752A2FF}</UniqueIdentifier>
      <Extensions>cpp;c;cc;cxx;c++;cppm;ixx;def;odl;idl;hpj;bat;asm;asmx</Extensions>
    </Filter>
    <Filter Include="해더 파일">
      <UniqueIdentifier>{eb27418b-caeb-44b8-aae1-c025d5f8de9b}</UniqueIdentifier>
    </Filter>
    <Filter Include="해더 파일\pch">
      <UniqueIdentifier>{7c895b9c-3f00-4d0b-b1b3-d905cd16ef5a}</UniqueIdentifier>
    </Filter>
    <Filter Include="해더 파일\Conven">
      <UniqueIdentifier>{ccf95d1e-dfcb-4fdf-b38e-2bd8465b4efa}</UniqueIdentifier>
    </Filter>
    <Filter Include="소스 파일\Component">
      <UniqueIdentifier>{4cf14006-64fe-40ae-994a-39f4c8e5bc8d}</UniqueIdentifier>
    </Filter>
    <Filter Include="소스 파일\SimpleMath">
      <UniqueIdentifier>{6f9d6399-0544-496a-b684-78d5eda9c477}</UniqueIdentifier>
    </Filter>
    <Filter Include="해더 파일\EngineHeader">
      <UniqueIdentifier>{6dc3d308-20c3-45a8-8c1b-d2da8fbfdde3}</UniqueIdentifier>
    </Filter>
    <Filter Include="소스 파일\Component\Camera">
      <UniqueIdentifier>{9127280b-4a68-48ce-98aa-5940eed0b596}</UniqueIdentifier>
    </Filter>
    <Filter Include="소스 파일\Component\Rendering">
      <UniqueIdentifier>{e671afc8-b4b8-4cbd-8739-1088547fd3e7}</UniqueIdentifier>
    </Filter>
    <Filter Include="소스 파일\TinyXML">
      <UniqueIdentifier>{b8f9f731-acf1-4d7b-b4d0-fd2c0e4219e8}</UniqueIdentifier>
    </Filter>
    <Filter Include="소스 파일\Component\Transform">
      <UniqueIdentifier>{4fead978-2eec-4a08-aff6-00af134c72f2}</UniqueIdentifier>
    </Filter>
    <Filter Include="소스 파일\Graphics">
      <UniqueIdentifier>{e3835734-92e6-4431-98c6-c9fa1ee8426c}</UniqueIdentifier>
    </Filter>
    <Filter Include="소스 파일\Graphics\Buffer">
      <UniqueIdentifier>{c6ec86b7-542e-4e36-8d9a-922fdf6dd203}</UniqueIdentifier>
    </Filter>
    <Filter Include="소스 파일\Graphics\Shader">
      <UniqueIdentifier>{f451e8f1-60ed-4451-9ec5-5c6f17b85a8f}</UniqueIdentifier>
    </Filter>
    <Filter Include="소스 파일\Engine">
      <UniqueIdentifier>{2c56d463-0155-4fd2-873f-dc746c0e14a7}</UniqueIdentifier>
    </Filter>
    <Filter Include="소스 파일\Engine\Resource">
      <UniqueIdentifier>{b93fe4b5-e86e-4c1b-96e0-62c42167d1a6}</UniqueIdentifier>
    </Filter>
    <Filter Include="소스 파일\Engine\EngineCore">
      <UniqueIdentifier>{dc1719be-e7ee-473d-a594-7bb875502c7a}</UniqueIdentifier>
    </Filter>
    <Filter Include="소스 파일\Engine\GameObject">
      <UniqueIdentifier>{c79549db-a482-41f6-8d10-4d186bd8403a}</UniqueIdentifier>
    </Filter>
    <Filter Include="소스 파일\Engine\Manager">
      <UniqueIdentifier>{e52ee101-3d67-4a5c-a1f7-e4c4f3425854}</UniqueIdentifier>
    </Filter>
    <Filter Include="소스 파일\Engine\Interface">
      <UniqueIdentifier>{e131ebd5-655c-4ba6-9261-f33bcde4605e}</UniqueIdentifier>
    </Filter>
    <Filter Include="소스 파일\Engine\Resource\Model">
      <UniqueIdentifier>{e05d67b6-1d57-4c21-879e-5cf194718f89}</UniqueIdentifier>
    </Filter>
    <Filter Include="소스 파일\ImGUI">
      <UniqueIdentifier>{d7e66b10-7052-4abf-89b3-7a90414d0896}</UniqueIdentifier>
    </Filter>
    <Filter Include="소스 파일\Collision">
      <UniqueIdentifier>{5164e6e5-6bba-4612-a14e-fb439ec9fa62}</UniqueIdentifier>
    </Filter>
    <Filter Include="소스 파일\Component\Light">
      <UniqueIdentifier>{3b136929-c342-4d9e-bfc0-73f29692e7ea}</UniqueIdentifier>
    </Filter>
    <Filter Include="소스 파일\Engine\Scene">
      <UniqueIdentifier>{c27c093a-886b-42ba-ac2c-1bd5ff09e969}</UniqueIdentifier>
    </Filter>
  </ItemGroup>
  <ItemGroup>
    <ClInclude Include="pch.h">
      <Filter>해더 파일\pch</Filter>
    </ClInclude>
    <ClInclude Include="Utils.h">
      <Filter>해더 파일\Conven</Filter>
    </ClInclude>
    <ClInclude Include="Global.h">
      <Filter>해더 파일\Conven</Filter>
    </ClInclude>
    <ClInclude Include="GameObject.h">
      <Filter>소스 파일\Engine\GameObject</Filter>
    </ClInclude>
    <ClInclude Include="Component.h">
      <Filter>소스 파일\Component</Filter>
    </ClInclude>
    <ClInclude Include="SimpleMath.h">
      <Filter>소스 파일\SimpleMath</Filter>
    </ClInclude>
    <ClInclude Include="PipeLineHeaders.h">
      <Filter>해더 파일\EngineHeader</Filter>
    </ClInclude>
    <ClInclude Include="StdHeader.h">
      <Filter>해더 파일\pch</Filter>
    </ClInclude>
    <ClInclude Include="ExLib.h">
      <Filter>해더 파일\pch</Filter>
    </ClInclude>
    <ClInclude Include="EngineHeader.h">
      <Filter>해더 파일\EngineHeader</Filter>
    </ClInclude>
    <ClInclude Include="tinyxml2.h">
      <Filter>소스 파일\TinyXML</Filter>
    </ClInclude>
    <ClInclude Include="Transform.h">
      <Filter>소스 파일\Component\Transform</Filter>
    </ClInclude>
    <ClInclude Include="MonoBehaviour.h">
      <Filter>소스 파일\Component</Filter>
    </ClInclude>
    <ClInclude Include="Camera.h">
      <Filter>소스 파일\Component\Camera</Filter>
    </ClInclude>
    <ClInclude Include="MeshRenderer.h">
      <Filter>소스 파일\Component\Rendering</Filter>
    </ClInclude>
    <ClInclude Include="Struct.h">
      <Filter>해더 파일</Filter>
    </ClInclude>
    <ClInclude Include="Types.h">
      <Filter>해더 파일</Filter>
    </ClInclude>
    <ClInclude Include="EnumClass.h">
      <Filter>해더 파일</Filter>
    </ClInclude>
    <ClInclude Include="ResourceHeader.h">
      <Filter>해더 파일\EngineHeader</Filter>
    </ClInclude>
    <ClInclude Include="ResourceManager.h">
      <Filter>소스 파일\Engine\Manager</Filter>
    </ClInclude>
    <ClInclude Include="Singleton.hpp">
      <Filter>소스 파일\Engine\Manager</Filter>
    </ClInclude>
    <ClInclude Include="InputManager.h">
      <Filter>소스 파일\Engine\Manager</Filter>
    </ClInclude>
    <ClInclude Include="TimeManager.h">
      <Filter>소스 파일\Engine\Manager</Filter>
    </ClInclude>
    <ClInclude Include="ConstantBuffer.h">
      <Filter>소스 파일\Graphics\Buffer</Filter>
    </ClInclude>
    <ClInclude Include="Geometry.hpp">
      <Filter>소스 파일\Graphics\Buffer</Filter>
    </ClInclude>
    <ClInclude Include="IndexBuffer.h">
      <Filter>소스 파일\Graphics\Buffer</Filter>
    </ClInclude>
    <ClInclude Include="VertexBuffer.h">
      <Filter>소스 파일\Graphics\Buffer</Filter>
    </ClInclude>
    <ClInclude Include="VertexData.h">
      <Filter>소스 파일\Graphics\Buffer</Filter>
    </ClInclude>
    <ClInclude Include="Pass.h">
      <Filter>소스 파일\Graphics\Shader</Filter>
    </ClInclude>
    <ClInclude Include="Shader.h">
      <Filter>소스 파일\Graphics\Shader</Filter>
    </ClInclude>
    <ClInclude Include="Technique.h">
      <Filter>소스 파일\Graphics\Shader</Filter>
    </ClInclude>
    <ClInclude Include="Mesh.h">
      <Filter>소스 파일\Engine\Resource</Filter>
    </ClInclude>
    <ClInclude Include="ResourceBase.h">
      <Filter>소스 파일\Engine\Resource</Filter>
    </ClInclude>
    <ClInclude Include="Texture.h">
      <Filter>소스 파일\Engine\Resource</Filter>
    </ClInclude>
    <ClInclude Include="Engine.h">
      <Filter>소스 파일\Engine\EngineCore</Filter>
    </ClInclude>
    <ClInclude Include="Graphics.h">
      <Filter>소스 파일\Engine\EngineCore</Filter>
    </ClInclude>
    <ClInclude Include="Window.h">
      <Filter>소스 파일\Engine\EngineCore</Filter>
    </ClInclude>
    <ClInclude Include="IExecute.h">
      <Filter>소스 파일\Engine\Interface</Filter>
    </ClInclude>
    <ClInclude Include="ShaderManager.h">
      <Filter>소스 파일\Graphics\Shader</Filter>
    </ClInclude>
    <ClInclude Include="GeometryHelper.h">
      <Filter>소스 파일\Graphics\Buffer</Filter>
    </ClInclude>
    <ClInclude Include="RenderManager.h">
      <Filter>소스 파일\Engine\Manager</Filter>
    </ClInclude>
    <ClInclude Include="Material.h">
      <Filter>소스 파일\Engine\Resource</Filter>
    </ClInclude>
    <ClInclude Include="FileUtils.h">
      <Filter>해더 파일\Conven</Filter>
    </ClInclude>
    <ClInclude Include="Model.h">
      <Filter>소스 파일\Engine\Resource\Model</Filter>
    </ClInclude>
    <ClInclude Include="ModelMesh.h">
      <Filter>소스 파일\Engine\Resource\Model</Filter>
    </ClInclude>
    <ClInclude Include="ModelRenderer.h">
      <Filter>소스 파일\Component\Rendering</Filter>
    </ClInclude>
    <ClInclude Include="imgui_internal.h">
      <Filter>소스 파일\ImGUI</Filter>
    </ClInclude>
    <ClInclude Include="imstb_rectpack.h">
      <Filter>소스 파일\ImGUI</Filter>
    </ClInclude>
    <ClInclude Include="imstb_textedit.h">
      <Filter>소스 파일\ImGUI</Filter>
    </ClInclude>
    <ClInclude Include="imstb_truetype.h">
      <Filter>소스 파일\ImGUI</Filter>
    </ClInclude>
    <ClInclude Include="imgui_impl_dx11.h">
      <Filter>소스 파일\ImGUI</Filter>
    </ClInclude>
    <ClInclude Include="imgui_impl_win32.h">
      <Filter>소스 파일\ImGUI</Filter>
    </ClInclude>
    <ClInclude Include="imconfig.h">
      <Filter>소스 파일\ImGUI</Filter>
    </ClInclude>
    <ClInclude Include="imgui.h">
      <Filter>소스 파일\ImGUI</Filter>
    </ClInclude>
    <ClInclude Include="ImGuiManager.h">
      <Filter>소스 파일\Engine\Manager</Filter>
    </ClInclude>
    <ClInclude Include="EXLibHeaders.h">
      <Filter>해더 파일\EngineHeader</Filter>
    </ClInclude>
    <ClInclude Include="ModelAnimation.h">
      <Filter>소스 파일\Engine\Resource\Model</Filter>
    </ClInclude>
    <ClInclude Include="Figure.h">
      <Filter>소스 파일\Collision</Filter>
    </ClInclude>
    <ClInclude Include="TestCamera.h">
      <Filter>소스 파일\Component\Camera</Filter>
    </ClInclude>
    <ClInclude Include="InstancingManager.h">
      <Filter>소스 파일\Engine\Manager</Filter>
    </ClInclude>
    <ClInclude Include="InstancingBuffer.h">
      <Filter>소스 파일\Graphics\Buffer</Filter>
    </ClInclude>
    <ClInclude Include="ModelAnimator.h">
      <Filter>소스 파일\Component\Rendering</Filter>
    </ClInclude>
    <ClInclude Include="Light.h">
      <Filter>소스 파일\Component\Light</Filter>
    </ClInclude>
    <ClInclude Include="SceneManager.h">
      <Filter>소스 파일\Engine\Manager</Filter>
    </ClInclude>
    <ClInclude Include="Scene.h">
      <Filter>소스 파일\Engine\Scene</Filter>
    </ClInclude>
    <ClInclude Include="Collision.h">
      <Filter>소스 파일\Collision</Filter>
    </ClInclude>
    <ClInclude Include="CameraManager.h">
      <Filter>소스 파일\Engine\Manager</Filter>
    </ClInclude>
  </ItemGroup>
  <ItemGroup>
    <ClCompile Include="pch.cpp">
      <Filter>해더 파일\pch</Filter>
    </ClCompile>
    <ClCompile Include="Global.cpp">
      <Filter>해더 파일\Conven</Filter>
    </ClCompile>
    <ClCompile Include="GameObject.cpp">
      <Filter>소스 파일\Engine\GameObject</Filter>
    </ClCompile>
    <ClCompile Include="Component.cpp">
      <Filter>소스 파일\Component</Filter>
    </ClCompile>
    <ClCompile Include="SimpleMath.cpp">
      <Filter>소스 파일\SimpleMath</Filter>
    </ClCompile>
    <ClCompile Include="tinyxml2.cpp">
      <Filter>소스 파일\TinyXML</Filter>
    </ClCompile>
    <ClCompile Include="Transform.cpp">
      <Filter>소스 파일\Component\Transform</Filter>
    </ClCompile>
    <ClCompile Include="MonoBehaviour.cpp">
      <Filter>소스 파일\Component</Filter>
    </ClCompile>
    <ClCompile Include="MeshRenderer.cpp">
      <Filter>소스 파일\Component\Rendering</Filter>
    </ClCompile>
    <ClCompile Include="Camera.cpp">
      <Filter>소스 파일\Component\Camera</Filter>
    </ClCompile>
    <ClCompile Include="ResourceManager.cpp">
      <Filter>소스 파일\Engine\Manager</Filter>
    </ClCompile>
    <ClCompile Include="InputManager.cpp">
      <Filter>소스 파일\Engine\Manager</Filter>
    </ClCompile>
    <ClCompile Include="TimeManager.cpp">
      <Filter>소스 파일\Engine\Manager</Filter>
    </ClCompile>
    <ClCompile Include="ConstantBuffer.cpp">
      <Filter>소스 파일\Graphics\Buffer</Filter>
    </ClCompile>
    <ClCompile Include="Geometry.cpp">
      <Filter>소스 파일\Graphics\Buffer</Filter>
    </ClCompile>
    <ClCompile Include="IndexBuffer.cpp">
      <Filter>소스 파일\Graphics\Buffer</Filter>
    </ClCompile>
    <ClCompile Include="VertexBuffer.cpp">
      <Filter>소스 파일\Graphics\Buffer</Filter>
    </ClCompile>
    <ClCompile Include="VertexData.cpp">
      <Filter>소스 파일\Graphics\Buffer</Filter>
    </ClCompile>
    <ClCompile Include="Pass.cpp">
      <Filter>소스 파일\Graphics\Shader</Filter>
    </ClCompile>
    <ClCompile Include="Shader.cpp">
      <Filter>소스 파일\Graphics\Shader</Filter>
    </ClCompile>
    <ClCompile Include="Technique.cpp">
      <Filter>소스 파일\Graphics\Shader</Filter>
    </ClCompile>
    <ClCompile Include="Mesh.cpp">
      <Filter>소스 파일\Engine\Resource</Filter>
    </ClCompile>
    <ClCompile Include="ResourceBase.cpp">
      <Filter>소스 파일\Engine\Resource</Filter>
    </ClCompile>
    <ClCompile Include="Texture.cpp">
      <Filter>소스 파일\Engine\Resource</Filter>
    </ClCompile>
    <ClCompile Include="Engine.cpp">
      <Filter>소스 파일\Engine\EngineCore</Filter>
    </ClCompile>
    <ClCompile Include="Graphics.cpp">
      <Filter>소스 파일\Engine\EngineCore</Filter>
    </ClCompile>
    <ClCompile Include="Window.cpp">
      <Filter>소스 파일\Engine\EngineCore</Filter>
    </ClCompile>
    <ClCompile Include="IExecute.cpp">
      <Filter>소스 파일\Engine\Interface</Filter>
    </ClCompile>
    <ClCompile Include="ShaderManager.cpp">
      <Filter>소스 파일\Graphics\Shader</Filter>
    </ClCompile>
    <ClCompile Include="Utils.cpp">
      <Filter>해더 파일\Conven</Filter>
    </ClCompile>
    <ClCompile Include="GeometryHelper.cpp">
      <Filter>소스 파일\Graphics\Buffer</Filter>
    </ClCompile>
    <ClCompile Include="RenderManager.cpp">
      <Filter>소스 파일\Engine\Manager</Filter>
    </ClCompile>
    <ClCompile Include="Material.cpp">
      <Filter>소스 파일\Engine\Resource</Filter>
    </ClCompile>
    <ClCompile Include="FileUtils.cpp">
      <Filter>해더 파일\Conven</Filter>
    </ClCompile>
    <ClCompile Include="Model.cpp">
      <Filter>소스 파일\Engine\Resource\Model</Filter>
    </ClCompile>
    <ClCompile Include="ModelMesh.cpp">
      <Filter>소스 파일\Engine\Resource\Model</Filter>
    </ClCompile>
    <ClCompile Include="ModelRenderer.cpp">
      <Filter>소스 파일\Component\Rendering</Filter>
    </ClCompile>
    <ClCompile Include="imgui_demo.cpp">
      <Filter>소스 파일\ImGUI</Filter>
    </ClCompile>
    <ClCompile Include="imgui_draw.cpp">
      <Filter>소스 파일\ImGUI</Filter>
    </ClCompile>
    <ClCompile Include="imgui_tables.cpp">
      <Filter>소스 파일\ImGUI</Filter>
    </ClCompile>
    <ClCompile Include="imgui_widgets.cpp">
      <Filter>소스 파일\ImGUI</Filter>
    </ClCompile>
    <ClCompile Include="imgui_impl_dx11.cpp">
      <Filter>소스 파일\ImGUI</Filter>
    </ClCompile>
    <ClCompile Include="imgui_impl_win32.cpp">
      <Filter>소스 파일\ImGUI</Filter>
    </ClCompile>
    <ClCompile Include="imgui.cpp">
      <Filter>소스 파일\ImGUI</Filter>
    </ClCompile>
    <ClCompile Include="ImGuiManager.cpp">
      <Filter>소스 파일\Engine\Manager</Filter>
    </ClCompile>
    <ClCompile Include="ModelAnimation.cpp">
      <Filter>소스 파일\Engine\Resource\Model</Filter>
    </ClCompile>
    <ClCompile Include="Figure.cpp">
      <Filter>소스 파일\Collision</Filter>
    </ClCompile>
    <ClCompile Include="TestCamera.cpp">
      <Filter>소스 파일\Component\Camera</Filter>
    </ClCompile>
    <ClCompile Include="InstancingManager.cpp">
      <Filter>소스 파일\Engine\Manager</Filter>
    </ClCompile>
    <ClCompile Include="InstancingBuffer.cpp">
      <Filter>소스 파일\Graphics\Buffer</Filter>
    </ClCompile>
    <ClCompile Include="ModelAnimator.cpp">
      <Filter>소스 파일\Component\Rendering</Filter>
    </ClCompile>
    <ClCompile Include="Light.cpp">
      <Filter>소스 파일\Component\Light</Filter>
    </ClCompile>
    <ClCompile Include="SceneManager.cpp">
      <Filter>소스 파일\Engine\Manager</Filter>
    </ClCompile>
    <ClCompile Include="Scene.cpp">
      <Filter>소스 파일\Engine\Scene</Filter>
    </ClCompile>
    <ClCompile Include="Collision.cpp">
      <Filter>소스 파일\Collision</Filter>
    </ClCompile>
    <ClCompile Include="CameraManager.cpp">
      <Filter>소스 파일\Engine\Manager</Filter>
    </ClCompile>
  </ItemGroup>
  <ItemGroup>
    <None Include="SimpleMath.inl">
      <Filter>소스 파일\SimpleMath</Filter>
    </None>
  </ItemGroup>
</Project>